// !$*UTF8*$!
{
	archiveVersion = 1;
	classes = {
	};
	objectVersion = 50;
	objects = {

/* Begin PBXBuildFile section */
		8437BEC9215EA140000E615F /* AppDelegate.swift in Sources */ = {isa = PBXBuildFile; fileRef = 8437BEC8215EA140000E615F /* AppDelegate.swift */; };
		8437BECB215EA140000E615F /* art.scnassets in Resources */ = {isa = PBXBuildFile; fileRef = 8437BECA215EA140000E615F /* art.scnassets */; };
		8437BECD215EA140000E615F /* ViewController.swift in Sources */ = {isa = PBXBuildFile; fileRef = 8437BECC215EA140000E615F /* ViewController.swift */; };
		8437BED0215EA140000E615F /* Main.storyboard in Resources */ = {isa = PBXBuildFile; fileRef = 8437BECE215EA140000E615F /* Main.storyboard */; };
		8437BED2215EA142000E615F /* Assets.xcassets in Resources */ = {isa = PBXBuildFile; fileRef = 8437BED1215EA142000E615F /* Assets.xcassets */; };
		8437BED5215EA142000E615F /* LaunchScreen.storyboard in Resources */ = {isa = PBXBuildFile; fileRef = 8437BED3215EA142000E615F /* LaunchScreen.storyboard */; };
		843CA1B0215EADC500B1A534 /* BarcodeController.swift in Sources */ = {isa = PBXBuildFile; fileRef = 843CA1AF215EADC500B1A534 /* BarcodeController.swift */; };
/* End PBXBuildFile section */

/* Begin PBXFileReference section */
		8437BEC5215EA140000E615F /* UnitedToolkitScan.app */ = {isa = PBXFileReference; explicitFileType = wrapper.application; includeInIndex = 0; path = UnitedToolkitScan.app; sourceTree = BUILT_PRODUCTS_DIR; };
		8437BEC8215EA140000E615F /* AppDelegate.swift */ = {isa = PBXFileReference; lastKnownFileType = sourcecode.swift; path = AppDelegate.swift; sourceTree = "<group>"; };
		8437BECA215EA140000E615F /* art.scnassets */ = {isa = PBXFileReference; lastKnownFileType = wrapper.scnassets; path = art.scnassets; sourceTree = "<group>"; };
		8437BECC215EA140000E615F /* ViewController.swift */ = {isa = PBXFileReference; lastKnownFileType = sourcecode.swift; path = ViewController.swift; sourceTree = "<group>"; };
		8437BECF215EA140000E615F /* Base */ = {isa = PBXFileReference; lastKnownFileType = file.storyboard; name = Base; path = Base.lproj/Main.storyboard; sourceTree = "<group>"; };
		8437BED1215EA142000E615F /* Assets.xcassets */ = {isa = PBXFileReference; lastKnownFileType = folder.assetcatalog; path = Assets.xcassets; sourceTree = "<group>"; };
		8437BED4215EA142000E615F /* Base */ = {isa = PBXFileReference; lastKnownFileType = file.storyboard; name = Base; path = Base.lproj/LaunchScreen.storyboard; sourceTree = "<group>"; };
		8437BED6215EA142000E615F /* Info.plist */ = {isa = PBXFileReference; lastKnownFileType = text.plist.xml; path = Info.plist; sourceTree = "<group>"; };
		843CA1AF215EADC500B1A534 /* BarcodeController.swift */ = {isa = PBXFileReference; lastKnownFileType = sourcecode.swift; path = BarcodeController.swift; sourceTree = "<group>"; };
/* End PBXFileReference section */

/* Begin PBXFrameworksBuildPhase section */
		8437BEC2215EA140000E615F /* Frameworks */ = {
			isa = PBXFrameworksBuildPhase;
			buildActionMask = 2147483647;
			files = (
			);
			runOnlyForDeploymentPostprocessing = 0;
		};
/* End PBXFrameworksBuildPhase section */

/* Begin PBXGroup section */
		8437BEBC215EA140000E615F = {
			isa = PBXGroup;
			children = (
				8437BEC7215EA140000E615F /* UnitedToolkitScan */,
				8437BEC6215EA140000E615F /* Products */,
			);
			sourceTree = "<group>";
		};
		8437BEC6215EA140000E615F /* Products */ = {
			isa = PBXGroup;
			children = (
				8437BEC5215EA140000E615F /* UnitedToolkitScan.app */,
			);
			name = Products;
			sourceTree = "<group>";
		};
		8437BEC7215EA140000E615F /* UnitedToolkitScan */ = {
			isa = PBXGroup;
			children = (
				8437BEC8215EA140000E615F /* AppDelegate.swift */,
				8437BECA215EA140000E615F /* art.scnassets */,
				8437BECC215EA140000E615F /* ViewController.swift */,
				8437BECE215EA140000E615F /* Main.storyboard */,
				8437BED1215EA142000E615F /* Assets.xcassets */,
				8437BED3215EA142000E615F /* LaunchScreen.storyboard */,
				8437BED6215EA142000E615F /* Info.plist */,
				843CA1AF215EADC500B1A534 /* BarcodeController.swift */,
			);
			path = UnitedToolkitScan;
			sourceTree = "<group>";
		};
/* End PBXGroup section */

/* Begin PBXNativeTarget section */
		8437BEC4215EA140000E615F /* UnitedToolkitScan */ = {
			isa = PBXNativeTarget;
			buildConfigurationList = 8437BED9215EA142000E615F /* Build configuration list for PBXNativeTarget "UnitedToolkitScan" */;
			buildPhases = (
				8437BEC1215EA140000E615F /* Sources */,
				8437BEC2215EA140000E615F /* Frameworks */,
				8437BEC3215EA140000E615F /* Resources */,
			);
			buildRules = (
			);
			dependencies = (
			);
			name = UnitedToolkitScan;
			productName = UnitedToolkitScan;
			productReference = 8437BEC5215EA140000E615F /* UnitedToolkitScan.app */;
			productType = "com.apple.product-type.application";
		};
/* End PBXNativeTarget section */

/* Begin PBXProject section */
		8437BEBD215EA140000E615F /* Project object */ = {
			isa = PBXProject;
			attributes = {
				LastSwiftUpdateCheck = 0940;
				LastUpgradeCheck = 0940;
				ORGANIZATIONNAME = "Team United Airlines";
				TargetAttributes = {
					8437BEC4215EA140000E615F = {
						CreatedOnToolsVersion = 9.4.1;
					};
				};
			};
			buildConfigurationList = 8437BEC0215EA140000E615F /* Build configuration list for PBXProject "UnitedToolkitScan" */;
			compatibilityVersion = "Xcode 9.3";
			developmentRegion = en;
			hasScannedForEncodings = 0;
			knownRegions = (
				en,
				Base,
			);
			mainGroup = 8437BEBC215EA140000E615F;
			productRefGroup = 8437BEC6215EA140000E615F /* Products */;
			projectDirPath = "";
			projectRoot = "";
			targets = (
				8437BEC4215EA140000E615F /* UnitedToolkitScan */,
			);
		};
/* End PBXProject section */

/* Begin PBXResourcesBuildPhase section */
		8437BEC3215EA140000E615F /* Resources */ = {
			isa = PBXResourcesBuildPhase;
			buildActionMask = 2147483647;
			files = (
				8437BECB215EA140000E615F /* art.scnassets in Resources */,
				8437BED5215EA142000E615F /* LaunchScreen.storyboard in Resources */,
				8437BED2215EA142000E615F /* Assets.xcassets in Resources */,
				8437BED0215EA140000E615F /* Main.storyboard in Resources */,
			);
			runOnlyForDeploymentPostprocessing = 0;
		};
/* End PBXResourcesBuildPhase section */

/* Begin PBXSourcesBuildPhase section */
		8437BEC1215EA140000E615F /* Sources */ = {
			isa = PBXSourcesBuildPhase;
			buildActionMask = 2147483647;
			files = (
				8437BECD215EA140000E615F /* ViewController.swift in Sources */,
				8437BEC9215EA140000E615F /* AppDelegate.swift in Sources */,
				843CA1B0215EADC500B1A534 /* BarcodeController.swift in Sources */,
			);
			runOnlyForDeploymentPostprocessing = 0;
		};
/* End PBXSourcesBuildPhase section */

/* Begin PBXVariantGroup section */
		8437BECE215EA140000E615F /* Main.storyboard */ = {
			isa = PBXVariantGroup;
			children = (
				8437BECF215EA140000E615F /* Base */,
			);
			name = Main.storyboard;
			sourceTree = "<group>";
		};
		8437BED3215EA142000E615F /* LaunchScreen.storyboard */ = {
			isa = PBXVariantGroup;
			children = (
				8437BED4215EA142000E615F /* Base */,
			);
			name = LaunchScreen.storyboard;
			sourceTree = "<group>";
		};
/* End PBXVariantGroup section */

/* Begin XCBuildConfiguration section */
		8437BED7215EA142000E615F /* Debug */ = {
			isa = XCBuildConfiguration;
			buildSettings = {
				ALWAYS_SEARCH_USER_PATHS = NO;
				CLANG_ANALYZER_NONNULL = YES;
				CLANG_ANALYZER_NUMBER_OBJECT_CONVERSION = YES_AGGRESSIVE;
				CLANG_CXX_LANGUAGE_STANDARD = "gnu++14";
				CLANG_CXX_LIBRARY = "libc++";
				CLANG_ENABLE_MODULES = YES;
				CLANG_ENABLE_OBJC_ARC = YES;
				CLANG_ENABLE_OBJC_WEAK = YES;
				CLANG_WARN_BLOCK_CAPTURE_AUTORELEASING = YES;
				CLANG_WARN_BOOL_CONVERSION = YES;
				CLANG_WARN_COMMA = YES;
				CLANG_WARN_CONSTANT_CONVERSION = YES;
				CLANG_WARN_DEPRECATED_OBJC_IMPLEMENTATIONS = YES;
				CLANG_WARN_DIRECT_OBJC_ISA_USAGE = YES_ERROR;
				CLANG_WARN_DOCUMENTATION_COMMENTS = YES;
				CLANG_WARN_EMPTY_BODY = YES;
				CLANG_WARN_ENUM_CONVERSION = YES;
				CLANG_WARN_INFINITE_RECURSION = YES;
				CLANG_WARN_INT_CONVERSION = YES;
				CLANG_WARN_NON_LITERAL_NULL_CONVERSION = YES;
				CLANG_WARN_OBJC_IMPLICIT_RETAIN_SELF = YES;
				CLANG_WARN_OBJC_LITERAL_CONVERSION = YES;
				CLANG_WARN_OBJC_ROOT_CLASS = YES_ERROR;
				CLANG_WARN_RANGE_LOOP_ANALYSIS = YES;
				CLANG_WARN_STRICT_PROTOTYPES = YES;
				CLANG_WARN_SUSPICIOUS_MOVE = YES;
				CLANG_WARN_UNGUARDED_AVAILABILITY = YES_AGGRESSIVE;
				CLANG_WARN_UNREACHABLE_CODE = YES;
				CLANG_WARN__DUPLICATE_METHOD_MATCH = YES;
				CODE_SIGN_IDENTITY = "iPhone Developer";
				COPY_PHASE_STRIP = NO;
				DEBUG_INFORMATION_FORMAT = dwarf;
				ENABLE_STRICT_OBJC_MSGSEND = YES;
				ENABLE_TESTABILITY = YES;
				GCC_C_LANGUAGE_STANDARD = gnu11;
				GCC_DYNAMIC_NO_PIC = NO;
				GCC_NO_COMMON_BLOCKS = YES;
				GCC_OPTIMIZATION_LEVEL = 0;
				GCC_PREPROCESSOR_DEFINITIONS = (
					"DEBUG=1",
					"$(inherited)",
				);
				GCC_WARN_64_TO_32_BIT_CONVERSION = YES;
				GCC_WARN_ABOUT_RETURN_TYPE = YES_ERROR;
				GCC_WARN_UNDECLARED_SELECTOR = YES;
				GCC_WARN_UNINITIALIZED_AUTOS = YES_AGGRESSIVE;
				GCC_WARN_UNUSED_FUNCTION = YES;
				GCC_WARN_UNUSED_VARIABLE = YES;
				IPHONEOS_DEPLOYMENT_TARGET = 11.4;
				MTL_ENABLE_DEBUG_INFO = YES;
				ONLY_ACTIVE_ARCH = YES;
				SDKROOT = iphoneos;
				SWIFT_ACTIVE_COMPILATION_CONDITIONS = DEBUG;
				SWIFT_OPTIMIZATION_LEVEL = "-Onone";
			};
			name = Debug;
		};
		8437BED8215EA142000E615F /* Release */ = {
			isa = XCBuildConfiguration;
			buildSettings = {
				ALWAYS_SEARCH_USER_PATHS = NO;
				CLANG_ANALYZER_NONNULL = YES;
				CLANG_ANALYZER_NUMBER_OBJECT_CONVERSION = YES_AGGRESSIVE;
				CLANG_CXX_LANGUAGE_STANDARD = "gnu++14";
				CLANG_CXX_LIBRARY = "libc++";
				CLANG_ENABLE_MODULES = YES;
				CLANG_ENABLE_OBJC_ARC = YES;
				CLANG_ENABLE_OBJC_WEAK = YES;
				CLANG_WARN_BLOCK_CAPTURE_AUTORELEASING = YES;
				CLANG_WARN_BOOL_CONVERSION = YES;
				CLANG_WARN_COMMA = YES;
				CLANG_WARN_CONSTANT_CONVERSION = YES;
				CLANG_WARN_DEPRECATED_OBJC_IMPLEMENTATIONS = YES;
				CLANG_WARN_DIRECT_OBJC_ISA_USAGE = YES_ERROR;
				CLANG_WARN_DOCUMENTATION_COMMENTS = YES;
				CLANG_WARN_EMPTY_BODY = YES;
				CLANG_WARN_ENUM_CONVERSION = YES;
				CLANG_WARN_INFINITE_RECURSION = YES;
				CLANG_WARN_INT_CONVERSION = YES;
				CLANG_WARN_NON_LITERAL_NULL_CONVERSION = YES;
				CLANG_WARN_OBJC_IMPLICIT_RETAIN_SELF = YES;
				CLANG_WARN_OBJC_LITERAL_CONVERSION = YES;
				CLANG_WARN_OBJC_ROOT_CLASS = YES_ERROR;
				CLANG_WARN_RANGE_LOOP_ANALYSIS = YES;
				CLANG_WARN_STRICT_PROTOTYPES = YES;
				CLANG_WARN_SUSPICIOUS_MOVE = YES;
				CLANG_WARN_UNGUARDED_AVAILABILITY = YES_AGGRESSIVE;
				CLANG_WARN_UNREACHABLE_CODE = YES;
				CLANG_WARN__DUPLICATE_METHOD_MATCH = YES;
				CODE_SIGN_IDENTITY = "iPhone Developer";
				COPY_PHASE_STRIP = NO;
				DEBUG_INFORMATION_FORMAT = "dwarf-with-dsym";
				ENABLE_NS_ASSERTIONS = NO;
				ENABLE_STRICT_OBJC_MSGSEND = YES;
				GCC_C_LANGUAGE_STANDARD = gnu11;
				GCC_NO_COMMON_BLOCKS = YES;
				GCC_WARN_64_TO_32_BIT_CONVERSION = YES;
				GCC_WARN_ABOUT_RETURN_TYPE = YES_ERROR;
				GCC_WARN_UNDECLARED_SELECTOR = YES;
				GCC_WARN_UNINITIALIZED_AUTOS = YES_AGGRESSIVE;
				GCC_WARN_UNUSED_FUNCTION = YES;
				GCC_WARN_UNUSED_VARIABLE = YES;
				IPHONEOS_DEPLOYMENT_TARGET = 11.4;
				MTL_ENABLE_DEBUG_INFO = NO;
				SDKROOT = iphoneos;
				SWIFT_COMPILATION_MODE = wholemodule;
				SWIFT_OPTIMIZATION_LEVEL = "-O";
				VALIDATE_PRODUCT = YES;
			};
			name = Release;
		};
		8437BEDA215EA142000E615F /* Debug */ = {
			isa = XCBuildConfiguration;
			buildSettings = {
				ASSETCATALOG_COMPILER_APPICON_NAME = AppIcon;
				CODE_SIGN_STYLE = Automatic;
				DEVELOPMENT_TEAM = 946FW7N86Q;
				INFOPLIST_FILE = UnitedToolkitScan/Info.plist;
				LD_RUNPATH_SEARCH_PATHS = (
					"$(inherited)",
					"@executable_path/Frameworks",
				);
				PRODUCT_BUNDLE_IDENTIFIER = com.UnitedAirlines.UnitedToolkitScan;
				PRODUCT_NAME = "$(TARGET_NAME)";
				SWIFT_VERSION = 4.0;
				TARGETED_DEVICE_FAMILY = "1,2";
			};
			name = Debug;
		};
		8437BEDB215EA142000E615F /* Release */ = {
			isa = XCBuildConfiguration;
			buildSettings = {
				ASSETCATALOG_COMPILER_APPICON_NAME = AppIcon;
				CODE_SIGN_STYLE = Automatic;
				DEVELOPMENT_TEAM = 946FW7N86Q;
				INFOPLIST_FILE = UnitedToolkitScan/Info.plist;
				LD_RUNPATH_SEARCH_PATHS = (
					"$(inherited)",
					"@executable_path/Frameworks",
				);
				PRODUCT_BUNDLE_IDENTIFIER = com.UnitedAirlines.UnitedToolkitScan;
				PRODUCT_NAME = "$(TARGET_NAME)";
				SWIFT_VERSION = 4.0;
				TARGETED_DEVICE_FAMILY = "1,2";
			};
			name = Release;
		};
/* End XCBuildConfiguration section */

/* Begin XCConfigurationList section */
		8437BEC0215EA140000E615F /* Build configuration list for PBXProject "UnitedToolkitScan" */ = {
			isa = XCConfigurationList;
			buildConfigurations = (
				8437BED7215EA142000E615F /* Debug */,
				8437BED8215EA142000E615F /* Release */,
			);
			defaultConfigurationIsVisible = 0;
			defaultConfigurationName = Release;
		};
		8437BED9215EA142000E615F /* Build configuration list for PBXNativeTarget "UnitedToolkitScan" */ = {
			isa = XCConfigurationList;
			buildConfigurations = (
				8437BEDA215EA142000E615F /* Debug */,
				8437BEDB215EA142000E615F /* Release */,
			);
			defaultConfigurationIsVisible = 0;
			defaultConfigurationName = Release;
		};
/* End XCConfigurationList section */
	};
	rootObject = 8437BEBD215EA140000E615F /* Project object */;
}
